
Microsoft Visual Studio Solution File, Format Version 12.00
# Visual Studio 15
VisualStudioVersion = 15.0.27703.2026
MinimumVisualStudioVersion = 10.0.40219.1
Project("{FAE04EC0-301F-11D3-BF4B-00C04F79EFBC}") = "presidents-api", "presidents-api\presidents-api.csproj", "{197E34C5-AD70-43C3-A386-B38CAF882169}"
EndProject
Global
	GlobalSection(SolutionConfigurationPlatforms) = preSolution
		Debug|Any CPU = Debug|Any CPU
		Release|Any CPU = Release|Any CPU
	EndGlobalSection
	GlobalSection(ProjectConfigurationPlatforms) = postSolution
		{197E34C5-AD70-43C3-A386-B38CAF882169}.Debug|Any CPU.ActiveCfg = Debug|Any CPU
		{197E34C5-AD70-43C3-A386-B38CAF882169}.Debug|Any CPU.Build.0 = Debug|Any CPU
		{197E34C5-AD70-43C3-A386-B38CAF882169}.Release|Any CPU.ActiveCfg = Release|Any CPU
		{197E34C5-AD70-43C3-A386-B38CAF882169}.Release|Any CPU.Build.0 = Release|Any CPU
	EndGlobalSection
	GlobalSection(SolutionProperties) = preSolution
		HideSolutionNode = FALSE
	EndGlobalSection
	GlobalSection(ExtensibilityGlobals) = postSolution
		SolutionGuid = {0FB83A4A-49B5-4A93-9AC9-15D8A8463716}
	EndGlobalSection
EndGlobal
